// !$*UTF8*$!
{
	archiveVersion = 1;
	classes = {
	};
	objectVersion = 46;
	objects = {

/* Begin PBXBuildFile section */
		E88CF4B61CEEF80E00D0667A /* AssetsGroupMenu.m in Sources */ = {isa = PBXBuildFile; fileRef = E88CF4A71CEEF80E00D0667A /* AssetsGroupMenu.m */; };
		E88CF4B71CEEF80E00D0667A /* AssetsGroupMenu.xib in Resources */ = {isa = PBXBuildFile; fileRef = E88CF4A81CEEF80E00D0667A /* AssetsGroupMenu.xib */; };
		E88CF4B81CEEF80E00D0667A /* IconAssets.xcassets in Resources */ = {isa = PBXBuildFile; fileRef = E88CF4A91CEEF80E00D0667A /* IconAssets.xcassets */; };
		E88CF4B91CEEF80E00D0667A /* PhotoLibarayCollectionViewCell.m in Sources */ = {isa = PBXBuildFile; fileRef = E88CF4AB1CEEF80E00D0667A /* PhotoLibarayCollectionViewCell.m */; };
		E88CF4BA1CEEF80E00D0667A /* PhotoLibarayCollectionViewCell.xib in Resources */ = {isa = PBXBuildFile; fileRef = E88CF4AC1CEEF80E00D0667A /* PhotoLibarayCollectionViewCell.xib */; };
		E88CF4BB1CEEF80E00D0667A /* PhotoLibraryViewController.m in Sources */ = {isa = PBXBuildFile; fileRef = E88CF4AE1CEEF80E00D0667A /* PhotoLibraryViewController.m */; };
		E88CF4BC1CEEF80E00D0667A /* PhotoLibraryViewController.xib in Resources */ = {isa = PBXBuildFile; fileRef = E88CF4AF1CEEF80E00D0667A /* PhotoLibraryViewController.xib */; };
		E88CF4BD1CEEF80E00D0667A /* PhotoLookViewController.m in Sources */ = {isa = PBXBuildFile; fileRef = E88CF4B11CEEF80E00D0667A /* PhotoLookViewController.m */; };
		E88CF4BE1CEEF80E00D0667A /* PhotoLookViewController.xib in Resources */ = {isa = PBXBuildFile; fileRef = E88CF4B21CEEF80E00D0667A /* PhotoLookViewController.xib */; };
		E88CF4BF1CEEF80E00D0667A /* SelectedCollectionViewCell.m in Sources */ = {isa = PBXBuildFile; fileRef = E88CF4B41CEEF80E00D0667A /* SelectedCollectionViewCell.m */; };
		E88CF4C01CEEF80E00D0667A /* SelectedCollectionViewCell.xib in Resources */ = {isa = PBXBuildFile; fileRef = E88CF4B51CEEF80E00D0667A /* SelectedCollectionViewCell.xib */; };
		E88CF4C71CEF122E00D0667A /* CameraCollectionViewCell.m in Sources */ = {isa = PBXBuildFile; fileRef = E88CF4C51CEF122E00D0667A /* CameraCollectionViewCell.m */; };
		E88CF4C81CEF122E00D0667A /* CameraCollectionViewCell.xib in Resources */ = {isa = PBXBuildFile; fileRef = E88CF4C61CEF122E00D0667A /* CameraCollectionViewCell.xib */; };
		E8DC64201CED964F00AE12EA /* main.m in Sources */ = {isa = PBXBuildFile; fileRef = E8DC641F1CED964F00AE12EA /* main.m */; };
		E8DC64231CED964F00AE12EA /* AppDelegate.m in Sources */ = {isa = PBXBuildFile; fileRef = E8DC64221CED964F00AE12EA /* AppDelegate.m */; };
		E8DC64261CED964F00AE12EA /* ViewController.m in Sources */ = {isa = PBXBuildFile; fileRef = E8DC64251CED964F00AE12EA /* ViewController.m */; };
		E8DC64291CED964F00AE12EA /* Main.storyboard in Resources */ = {isa = PBXBuildFile; fileRef = E8DC64271CED964F00AE12EA /* Main.storyboard */; };
		E8DC642B1CED964F00AE12EA /* Assets.xcassets in Resources */ = {isa = PBXBuildFile; fileRef = E8DC642A1CED964F00AE12EA /* Assets.xcassets */; };
		E8DC642E1CED964F00AE12EA /* LaunchScreen.storyboard in Resources */ = {isa = PBXBuildFile; fileRef = E8DC642C1CED964F00AE12EA /* LaunchScreen.storyboard */; };
/* End PBXBuildFile section */

/* Begin PBXFileReference section */
		E88CF4A61CEEF80E00D0667A /* AssetsGroupMenu.h */ = {isa = PBXFileReference; fileEncoding = 4; lastKnownFileType = sourcecode.c.h; path = AssetsGroupMenu.h; sourceTree = "<group>"; };
		E88CF4A71CEEF80E00D0667A /* AssetsGroupMenu.m */ = {isa = PBXFileReference; fileEncoding = 4; lastKnownFileType = sourcecode.c.objc; path = AssetsGroupMenu.m; sourceTree = "<group>"; };
		E88CF4A81CEEF80E00D0667A /* AssetsGroupMenu.xib */ = {isa = PBXFileReference; fileEncoding = 4; lastKnownFileType = file.xib; path = AssetsGroupMenu.xib; sourceTree = "<group>"; };
		E88CF4A91CEEF80E00D0667A /* IconAssets.xcassets */ = {isa = PBXFileReference; lastKnownFileType = folder.assetcatalog; path = IconAssets.xcassets; sourceTree = "<group>"; };
		E88CF4AA1CEEF80E00D0667A /* PhotoLibarayCollectionViewCell.h */ = {isa = PBXFileReference; fileEncoding = 4; lastKnownFileType = sourcecode.c.h; path = PhotoLibarayCollectionViewCell.h; sourceTree = "<group>"; };
		E88CF4AB1CEEF80E00D0667A /* PhotoLibarayCollectionViewCell.m */ = {isa = PBXFileReference; fileEncoding = 4; lastKnownFileType = sourcecode.c.objc; path = PhotoLibarayCollectionViewCell.m; sourceTree = "<group>"; };
		E88CF4AC1CEEF80E00D0667A /* PhotoLibarayCollectionViewCell.xib */ = {isa = PBXFileReference; fileEncoding = 4; lastKnownFileType = file.xib; path = PhotoLibarayCollectionViewCell.xib; sourceTree = "<group>"; };
		E88CF4AD1CEEF80E00D0667A /* PhotoLibraryViewController.h */ = {isa = PBXFileReference; fileEncoding = 4; lastKnownFileType = sourcecode.c.h; path = PhotoLibraryViewController.h; sourceTree = "<group>"; };
		E88CF4AE1CEEF80E00D0667A /* PhotoLibraryViewController.m */ = {isa = PBXFileReference; fileEncoding = 4; lastKnownFileType = sourcecode.c.objc; path = PhotoLibraryViewController.m; sourceTree = "<group>"; };
		E88CF4AF1CEEF80E00D0667A /* PhotoLibraryViewController.xib */ = {isa = PBXFileReference; fileEncoding = 4; lastKnownFileType = file.xib; path = PhotoLibraryViewController.xib; sourceTree = "<group>"; };
		E88CF4B01CEEF80E00D0667A /* PhotoLookViewController.h */ = {isa = PBXFileReference; fileEncoding = 4; lastKnownFileType = sourcecode.c.h; path = PhotoLookViewController.h; sourceTree = "<group>"; };
		E88CF4B11CEEF80E00D0667A /* PhotoLookViewController.m */ = {isa = PBXFileReference; fileEncoding = 4; lastKnownFileType = sourcecode.c.objc; path = PhotoLookViewController.m; sourceTree = "<group>"; };
		E88CF4B21CEEF80E00D0667A /* PhotoLookViewController.xib */ = {isa = PBXFileReference; fileEncoding = 4; lastKnownFileType = file.xib; path = PhotoLookViewController.xib; sourceTree = "<group>"; };
		E88CF4B31CEEF80E00D0667A /* SelectedCollectionViewCell.h */ = {isa = PBXFileReference; fileEncoding = 4; lastKnownFileType = sourcecode.c.h; path = SelectedCollectionViewCell.h; sourceTree = "<group>"; };
		E88CF4B41CEEF80E00D0667A /* SelectedCollectionViewCell.m */ = {isa = PBXFileReference; fileEncoding = 4; lastKnownFileType = sourcecode.c.objc; path = SelectedCollectionViewCell.m; sourceTree = "<group>"; };
		E88CF4B51CEEF80E00D0667A /* SelectedCollectionViewCell.xib */ = {isa = PBXFileReference; fileEncoding = 4; lastKnownFileType = file.xib; path = SelectedCollectionViewCell.xib; sourceTree = "<group>"; };
		E88CF4C41CEF122E00D0667A /* CameraCollectionViewCell.h */ = {isa = PBXFileReference; fileEncoding = 4; lastKnownFileType = sourcecode.c.h; path = CameraCollectionViewCell.h; sourceTree = "<group>"; };
		E88CF4C51CEF122E00D0667A /* CameraCollectionViewCell.m */ = {isa = PBXFileReference; fileEncoding = 4; lastKnownFileType = sourcecode.c.objc; path = CameraCollectionViewCell.m; sourceTree = "<group>"; };
		E88CF4C61CEF122E00D0667A /* CameraCollectionViewCell.xib */ = {isa = PBXFileReference; fileEncoding = 4; lastKnownFileType = file.xib; path = CameraCollectionViewCell.xib; sourceTree = "<group>"; };
		E8DC641B1CED964F00AE12EA /* PhotoLibraryDemo.app */ = {isa = PBXFileReference; explicitFileType = wrapper.application; includeInIndex = 0; path = PhotoLibraryDemo.app; sourceTree = BUILT_PRODUCTS_DIR; };
		E8DC641F1CED964F00AE12EA /* main.m */ = {isa = PBXFileReference; lastKnownFileType = sourcecode.c.objc; path = main.m; sourceTree = "<group>"; };
		E8DC64211CED964F00AE12EA /* AppDelegate.h */ = {isa = PBXFileReference; lastKnownFileType = sourcecode.c.h; path = AppDelegate.h; sourceTree = "<group>"; };
		E8DC64221CED964F00AE12EA /* AppDelegate.m */ = {isa = PBXFileReference; lastKnownFileType = sourcecode.c.objc; path = AppDelegate.m; sourceTree = "<group>"; };
		E8DC64241CED964F00AE12EA /* ViewController.h */ = {isa = PBXFileReference; lastKnownFileType = sourcecode.c.h; path = ViewController.h; sourceTree = "<group>"; };
		E8DC64251CED964F00AE12EA /* ViewController.m */ = {isa = PBXFileReference; lastKnownFileType = sourcecode.c.objc; path = ViewController.m; sourceTree = "<group>"; };
		E8DC64281CED964F00AE12EA /* Base */ = {isa = PBXFileReference; lastKnownFileType = file.storyboard; name = Base; path = Base.lproj/Main.storyboard; sourceTree = "<group>"; };
		E8DC642A1CED964F00AE12EA /* Assets.xcassets */ = {isa = PBXFileReference; lastKnownFileType = folder.assetcatalog; path = Assets.xcassets; sourceTree = "<group>"; };
		E8DC642D1CED964F00AE12EA /* Base */ = {isa = PBXFileReference; lastKnownFileType = file.storyboard; name = Base; path = Base.lproj/LaunchScreen.storyboard; sourceTree = "<group>"; };
		E8DC642F1CED964F00AE12EA /* Info.plist */ = {isa = PBXFileReference; lastKnownFileType = text.plist.xml; path = Info.plist; sourceTree = "<group>"; };
/* End PBXFileReference section */

/* Begin PBXFrameworksBuildPhase section */
		E8DC64181CED964F00AE12EA /* Frameworks */ = {
			isa = PBXFrameworksBuildPhase;
			buildActionMask = 2147483647;
			files = (
			);
			runOnlyForDeploymentPostprocessing = 0;
		};
/* End PBXFrameworksBuildPhase section */

/* Begin PBXGroup section */
		E88CF4A51CEEF80E00D0667A /* PhotoLibray */ = {
			isa = PBXGroup;
			children = (
				E88CF4A61CEEF80E00D0667A /* AssetsGroupMenu.h */,
				E88CF4A71CEEF80E00D0667A /* AssetsGroupMenu.m */,
				E88CF4A81CEEF80E00D0667A /* AssetsGroupMenu.xib */,
				E88CF4A91CEEF80E00D0667A /* IconAssets.xcassets */,
				E88CF4AD1CEEF80E00D0667A /* PhotoLibraryViewController.h */,
				E88CF4AE1CEEF80E00D0667A /* PhotoLibraryViewController.m */,
				E88CF4AF1CEEF80E00D0667A /* PhotoLibraryViewController.xib */,
				E88CF4AA1CEEF80E00D0667A /* PhotoLibarayCollectionViewCell.h */,
				E88CF4AB1CEEF80E00D0667A /* PhotoLibarayCollectionViewCell.m */,
				E88CF4AC1CEEF80E00D0667A /* PhotoLibarayCollectionViewCell.xib */,
				E88CF4C41CEF122E00D0667A /* CameraCollectionViewCell.h */,
				E88CF4C51CEF122E00D0667A /* CameraCollectionViewCell.m */,
				E88CF4C61CEF122E00D0667A /* CameraCollectionViewCell.xib */,
				E88CF4B01CEEF80E00D0667A /* PhotoLookViewController.h */,
				E88CF4B11CEEF80E00D0667A /* PhotoLookViewController.m */,
				E88CF4B21CEEF80E00D0667A /* PhotoLookViewController.xib */,
				E88CF4B31CEEF80E00D0667A /* SelectedCollectionViewCell.h */,
				E88CF4B41CEEF80E00D0667A /* SelectedCollectionViewCell.m */,
				E88CF4B51CEEF80E00D0667A /* SelectedCollectionViewCell.xib */,
			);
			path = PhotoLibray;
			sourceTree = "<group>";
		};
		E8DC64121CED964F00AE12EA = {
			isa = PBXGroup;
			children = (
				E8DC641D1CED964F00AE12EA /* PhotoLibraryDemo */,
				E8DC641C1CED964F00AE12EA /* Products */,
			);
			sourceTree = "<group>";
		};
		E8DC641C1CED964F00AE12EA /* Products */ = {
			isa = PBXGroup;
			children = (
				E8DC641B1CED964F00AE12EA /* PhotoLibraryDemo.app */,
			);
			name = Products;
			sourceTree = "<group>";
		};
		E8DC641D1CED964F00AE12EA /* PhotoLibraryDemo */ = {
			isa = PBXGroup;
			children = (
				E88CF4A51CEEF80E00D0667A /* PhotoLibray */,
				E8DC64211CED964F00AE12EA /* AppDelegate.h */,
				E8DC64221CED964F00AE12EA /* AppDelegate.m */,
				E8DC64241CED964F00AE12EA /* ViewController.h */,
				E8DC64251CED964F00AE12EA /* ViewController.m */,
				E8DC64271CED964F00AE12EA /* Main.storyboard */,
				E8DC642A1CED964F00AE12EA /* Assets.xcassets */,
				E8DC642C1CED964F00AE12EA /* LaunchScreen.storyboard */,
				E8DC642F1CED964F00AE12EA /* Info.plist */,
				E8DC641E1CED964F00AE12EA /* Supporting Files */,
			);
			path = PhotoLibraryDemo;
			sourceTree = "<group>";
		};
		E8DC641E1CED964F00AE12EA /* Supporting Files */ = {
			isa = PBXGroup;
			children = (
				E8DC641F1CED964F00AE12EA /* main.m */,
			);
			name = "Supporting Files";
			sourceTree = "<group>";
		};
/* End PBXGroup section */

/* Begin PBXNativeTarget section */
		E8DC641A1CED964F00AE12EA /* PhotoLibraryDemo */ = {
			isa = PBXNativeTarget;
			buildConfigurationList = E8DC64321CED964F00AE12EA /* Build configuration list for PBXNativeTarget "PhotoLibraryDemo" */;
			buildPhases = (
				E8DC64171CED964F00AE12EA /* Sources */,
				E8DC64181CED964F00AE12EA /* Frameworks */,
				E8DC64191CED964F00AE12EA /* Resources */,
			);
			buildRules = (
			);
			dependencies = (
			);
			name = PhotoLibraryDemo;
			productName = PhotoLibraryDemo;
			productReference = E8DC641B1CED964F00AE12EA /* PhotoLibraryDemo.app */;
			productType = "com.apple.product-type.application";
		};
/* End PBXNativeTarget section */

/* Begin PBXProject section */
		E8DC64131CED964F00AE12EA /* Project object */ = {
			isa = PBXProject;
			attributes = {
				LastUpgradeCheck = 0730;
				ORGANIZATIONNAME = "张齐朴";
				TargetAttributes = {
					E8DC641A1CED964F00AE12EA = {
						CreatedOnToolsVersion = 7.3;
					};
				};
			};
			buildConfigurationList = E8DC64161CED964F00AE12EA /* Build configuration list for PBXProject "PhotoLibraryDemo" */;
			compatibilityVersion = "Xcode 3.2";
			developmentRegion = English;
			hasScannedForEncodings = 0;
			knownRegions = (
				en,
				Base,
			);
			mainGroup = E8DC64121CED964F00AE12EA;
			productRefGroup = E8DC641C1CED964F00AE12EA /* Products */;
			projectDirPath = "";
			projectRoot = "";
			targets = (
				E8DC641A1CED964F00AE12EA /* PhotoLibraryDemo */,
			);
		};
/* End PBXProject section */

/* Begin PBXResourcesBuildPhase section */
		E8DC64191CED964F00AE12EA /* Resources */ = {
			isa = PBXResourcesBuildPhase;
			buildActionMask = 2147483647;
			files = (
				E88CF4C01CEEF80E00D0667A /* SelectedCollectionViewCell.xib in Resources */,
				E88CF4B81CEEF80E00D0667A /* IconAssets.xcassets in Resources */,
				E8DC642E1CED964F00AE12EA /* LaunchScreen.storyboard in Resources */,
				E8DC642B1CED964F00AE12EA /* Assets.xcassets in Resources */,
				E88CF4B71CEEF80E00D0667A /* AssetsGroupMenu.xib in Resources */,
				E88CF4BE1CEEF80E00D0667A /* PhotoLookViewController.xib in Resources */,
				E88CF4BC1CEEF80E00D0667A /* PhotoLibraryViewController.xib in Resources */,
				E88CF4BA1CEEF80E00D0667A /* PhotoLibarayCollectionViewCell.xib in Resources */,
				E8DC64291CED964F00AE12EA /* Main.storyboard in Resources */,
				E88CF4C81CEF122E00D0667A /* CameraCollectionViewCell.xib in Resources */,
			);
			runOnlyForDeploymentPostprocessing = 0;
		};
/* End PBXResourcesBuildPhase section */

/* Begin PBXSourcesBuildPhase section */
		E8DC64171CED964F00AE12EA /* Sources */ = {
			isa = PBXSourcesBuildPhase;
			buildActionMask = 2147483647;
			files = (
				E88CF4B61CEEF80E00D0667A /* AssetsGroupMenu.m in Sources */,
				E88CF4BF1CEEF80E00D0667A /* SelectedCollectionViewCell.m in Sources */,
				E88CF4BD1CEEF80E00D0667A /* PhotoLookViewController.m in Sources */,
				E8DC64261CED964F00AE12EA /* ViewController.m in Sources */,
				E8DC64231CED964F00AE12EA /* AppDelegate.m in Sources */,
				E88CF4C71CEF122E00D0667A /* CameraCollectionViewCell.m in Sources */,
				E88CF4BB1CEEF80E00D0667A /* PhotoLibraryViewController.m in Sources */,
				E88CF4B91CEEF80E00D0667A /* PhotoLibarayCollectionViewCell.m in Sources */,
				E8DC64201CED964F00AE12EA /* main.m in Sources */,
			);
			runOnlyForDeploymentPostprocessing = 0;
		};
/* End PBXSourcesBuildPhase section */

/* Begin PBXVariantGroup section */
		E8DC64271CED964F00AE12EA /* Main.storyboard */ = {
			isa = PBXVariantGroup;
			children = (
				E8DC64281CED964F00AE12EA /* Base */,
			);
			name = Main.storyboard;
			sourceTree = "<group>";
		};
		E8DC642C1CED964F00AE12EA /* LaunchScreen.storyboard */ = {
			isa = PBXVariantGroup;
			children = (
				E8DC642D1CED964F00AE12EA /* Base */,
			);
			name = LaunchScreen.storyboard;
			sourceTree = "<group>";
		};
/* End PBXVariantGroup section */

/* Begin XCBuildConfiguration section */
		E8DC64301CED964F00AE12EA /* Debug */ = {
			isa = XCBuildConfiguration;
			buildSettings = {
				ALWAYS_SEARCH_USER_PATHS = NO;
				CLANG_ANALYZER_NONNULL = YES;
				CLANG_CXX_LANGUAGE_STANDARD = "gnu++0x";
				CLANG_CXX_LIBRARY = "libc++";
				CLANG_ENABLE_MODULES = YES;
				CLANG_ENABLE_OBJC_ARC = YES;
				CLANG_WARN_BOOL_CONVERSION = YES;
				CLANG_WARN_CONSTANT_CONVERSION = YES;
				CLANG_WARN_DIRECT_OBJC_ISA_USAGE = YES_ERROR;
				CLANG_WARN_EMPTY_BODY = YES;
				CLANG_WARN_ENUM_CONVERSION = YES;
				CLANG_WARN_INT_CONVERSION = YES;
				CLANG_WARN_OBJC_ROOT_CLASS = YES_ERROR;
				CLANG_WARN_UNREACHABLE_CODE = YES;
				CLANG_WARN__DUPLICATE_METHOD_MATCH = YES;
				"CODE_SIGN_IDENTITY[sdk=iphoneos*]" = "iPhone Developer";
				COPY_PHASE_STRIP = NO;
				DEBUG_INFORMATION_FORMAT = dwarf;
				ENABLE_STRICT_OBJC_MSGSEND = YES;
				ENABLE_TESTABILITY = YES;
				GCC_C_LANGUAGE_STANDARD = gnu99;
				GCC_DYNAMIC_NO_PIC = NO;
				GCC_NO_COMMON_BLOCKS = YES;
				GCC_OPTIMIZATION_LEVEL = 0;
				GCC_PREPROCESSOR_DEFINITIONS = (
					"DEBUG=1",
					"$(inherited)",
				);
				GCC_WARN_64_TO_32_BIT_CONVERSION = YES;
				GCC_WARN_ABOUT_RETURN_TYPE = YES_ERROR;
				GCC_WARN_UNDECLARED_SELECTOR = YES;
				GCC_WARN_UNINITIALIZED_AUTOS = YES_AGGRESSIVE;
				GCC_WARN_UNUSED_FUNCTION = YES;
				GCC_WARN_UNUSED_VARIABLE = YES;
				IPHONEOS_DEPLOYMENT_TARGET = 9.3;
				MTL_ENABLE_DEBUG_INFO = YES;
				ONLY_ACTIVE_ARCH = YES;
				SDKROOT = iphoneos;
				TARGETED_DEVICE_FAMILY = "1,2";
			};
			name = Debug;
		};
		E8DC64311CED964F00AE12EA /* Release */ = {
			isa = XCBuildConfiguration;
			buildSettings = {
				ALWAYS_SEARCH_USER_PATHS = NO;
				CLANG_ANALYZER_NONNULL = YES;
				CLANG_CXX_LANGUAGE_STANDARD = "gnu++0x";
				CLANG_CXX_LIBRARY = "libc++";
				CLANG_ENABLE_MODULES = YES;
				CLANG_ENABLE_OBJC_ARC = YES;
				CLANG_WARN_BOOL_CONVERSION = YES;
				CLANG_WARN_CONSTANT_CONVERSION = YES;
				CLANG_WARN_DIRECT_OBJC_ISA_USAGE = YES_ERROR;
				CLANG_WARN_EMPTY_BODY = YES;
				CLANG_WARN_ENUM_CONVERSION = YES;
				CLANG_WARN_INT_CONVERSION = YES;
				CLANG_WARN_OBJC_ROOT_CLASS = YES_ERROR;
				CLANG_WARN_UNREACHABLE_CODE = YES;
				CLANG_WARN__DUPLICATE_METHOD_MATCH = YES;
				"CODE_SIGN_IDENTITY[sdk=iphoneos*]" = "iPhone Developer";
				COPY_PHASE_STRIP = NO;
				DEBUG_INFORMATION_FORMAT = "dwarf-with-dsym";
				ENABLE_NS_ASSERTIONS = NO;
				ENABLE_STRICT_OBJC_MSGSEND = YES;
				GCC_C_LANGUAGE_STANDARD = gnu99;
				GCC_NO_COMMON_BLOCKS = YES;
				GCC_WARN_64_TO_32_BIT_CONVERSION = YES;
				GCC_WARN_ABOUT_RETURN_TYPE = YES_ERROR;
				GCC_WARN_UNDECLARED_SELECTOR = YES;
				GCC_WARN_UNINITIALIZED_AUTOS = YES_AGGRESSIVE;
				GCC_WARN_UNUSED_FUNCTION = YES;
				GCC_WARN_UNUSED_VARIABLE = YES;
				IPHONEOS_DEPLOYMENT_TARGET = 9.3;
				MTL_ENABLE_DEBUG_INFO = NO;
				SDKROOT = iphoneos;
				TARGETED_DEVICE_FAMILY = "1,2";
				VALIDATE_PRODUCT = YES;
			};
			name = Release;
		};
		E8DC64331CED964F00AE12EA /* Debug */ = {
			isa = XCBuildConfiguration;
			buildSettings = {
				ASSETCATALOG_COMPILER_APPICON_NAME = AppIcon;
				INFOPLIST_FILE = PhotoLibraryDemo/Info.plist;
				IPHONEOS_DEPLOYMENT_TARGET = 8.2;
				LD_RUNPATH_SEARCH_PATHS = "$(inherited) @executable_path/Frameworks";
				PRODUCT_BUNDLE_IDENTIFIER = com.buluo.PhotoLibraryDemo;
				PRODUCT_NAME = "$(TARGET_NAME)";
			};
			name = Debug;
		};
		E8DC64341CED964F00AE12EA /* Release */ = {
			isa = XCBuildConfiguration;
			buildSettings = {
				ASSETCATALOG_COMPILER_APPICON_NAME = AppIcon;
				INFOPLIST_FILE = PhotoLibraryDemo/Info.plist;
				IPHONEOS_DEPLOYMENT_TARGET = 8.2;
				LD_RUNPATH_SEARCH_PATHS = "$(inherited) @executable_path/Frameworks";
				PRODUCT_BUNDLE_IDENTIFIER = com.buluo.PhotoLibraryDemo;
				PRODUCT_NAME = "$(TARGET_NAME)";
			};
			name = Release;
		};
/* End XCBuildConfiguration section */

/* Begin XCConfigurationList section */
		E8DC64161CED964F00AE12EA /* Build configuration list for PBXProject "PhotoLibraryDemo" */ = {
			isa = XCConfigurationList;
			buildConfigurations = (
				E8DC64301CED964F00AE12EA /* Debug */,
				E8DC64311CED964F00AE12EA /* Release */,
			);
			defaultConfigurationIsVisible = 0;
			defaultConfigurationName = Release;
		};
		E8DC64321CED964F00AE12EA /* Build configuration list for PBXNativeTarget "PhotoLibraryDemo" */ = {
			isa = XCConfigurationList;
			buildConfigurations = (
				E8DC64331CED964F00AE12EA /* Debug */,
				E8DC64341CED964F00AE12EA /* Release */,
			);
			defaultConfigurationIsVisible = 0;
			defaultConfigurationName = Release;
		};
/* End XCConfigurationList section */
	};
	rootObject = E8DC64131CED964F00AE12EA /* Project object */;
}
